
Microsoft Visual Studio Solution File, Format Version 12.00
# Visual Studio Version 16
VisualStudioVersion = 16.0.29209.62
MinimumVisualStudioVersion = 10.0.40219.1
Project("{FAE04EC0-301F-11D3-BF4B-00C04F79EFBC}") = "RMS.UI", "RMS.UI\RMS.UI.csproj", "{F1F45052-0A00-47A3-939A-6CF432AD543A}"
	ProjectSection(ProjectDependencies) = postProject
		{CE617313-7EAD-4CE3-9367-850AEB79E05E} = {CE617313-7EAD-4CE3-9367-850AEB79E05E}
		{B21A2B8A-65D0-4765-8485-6010E4E1B3D2} = {B21A2B8A-65D0-4765-8485-6010E4E1B3D2}
	EndProjectSection
EndProject
Project("{FAE04EC0-301F-11D3-BF4B-00C04F79EFBC}") = "RMS.Core", "RMS.Core\RMS.Core.csproj", "{451E9B1A-794F-4FE6-A8C0-C818970AD86C}"
EndProject
Project("{FAE04EC0-301F-11D3-BF4B-00C04F79EFBC}") = "RMS.ParserReportingSystem", "RMS.ParserReportingSystem\RMS.ParserReportingSystem.csproj", "{B21A2B8A-65D0-4765-8485-6010E4E1B3D2}"
EndProject
Project("{FAE04EC0-301F-11D3-BF4B-00C04F79EFBC}") = "RMS.Setting", "RMS.Setting\RMS.Setting.csproj", "{CE617313-7EAD-4CE3-9367-850AEB79E05E}"
EndProject
Project("{FAE04EC0-301F-11D3-BF4B-00C04F79EFBC}") = "RMS.UITests", "RMS.UITests\RMS.UITests.csproj", "{5983F1E5-E281-4AD2-A31D-F9C0B5FDEE50}"
EndProject
Project("{2150E333-8FDC-42A3-9474-1A3956D46DE8}") = "TelegramBot", "TelegramBot", "{EF48271A-2A46-4572-9302-A138CE5E344F}"
EndProject
Project("{FAE04EC0-301F-11D3-BF4B-00C04F79EFBC}") = "TelegramBotRMS", "TelegramBotRMS\TelegramBotRMS.csproj", "{8872083C-6A42-4DD8-9CE1-B57542B6E202}"
EndProject
Project("{FAE04EC0-301F-11D3-BF4B-00C04F79EFBC}") = "TelegramBotRMS.Core", "TelegramBotRMS.Core\TelegramBotRMS.Core.csproj", "{1B5F9C6C-9153-4199-B25E-BFAF9AF005BC}"
EndProject
Project("{2150E333-8FDC-42A3-9474-1A3956D46DE8}") = "MailConsole", "MailConsole", "{6CFAA9D7-BDEC-4442-9E38-38D299C86652}"
EndProject
Project("{FAE04EC0-301F-11D3-BF4B-00C04F79EFBC}") = "MailConsoleRMS", "MailConsoleRMS\MailConsoleRMS.csproj", "{E37F50BF-4EB2-46F2-965D-70708592941E}"
EndProject
Project("{FAE04EC0-301F-11D3-BF4B-00C04F79EFBC}") = "RMS.Console", "RMS.Console\RMS.Console.csproj", "{08A7CBE9-5235-47D9-91E3-DD6D385A59CD}"
EndProject
Project("{FAE04EC0-301F-11D3-BF4B-00C04F79EFBC}") = "RMS.Parser.Core", "RMS.Parser.Core\RMS.Parser.Core.csproj", "{6A06713E-A020-43FD-B2AF-D16F9600BFB0}"
EndProject
Global
	GlobalSection(SolutionConfigurationPlatforms) = preSolution
		Debug|Any CPU = Debug|Any CPU
		Debug|x86 = Debug|x86
		Release|Any CPU = Release|Any CPU
		Release|x86 = Release|x86
	EndGlobalSection
	GlobalSection(ProjectConfigurationPlatforms) = postSolution
		{F1F45052-0A00-47A3-939A-6CF432AD543A}.Debug|Any CPU.ActiveCfg = Debug|Any CPU
		{F1F45052-0A00-47A3-939A-6CF432AD543A}.Debug|Any CPU.Build.0 = Debug|Any CPU
		{F1F45052-0A00-47A3-939A-6CF432AD543A}.Debug|x86.ActiveCfg = Debug|x86
		{F1F45052-0A00-47A3-939A-6CF432AD543A}.Debug|x86.Build.0 = Debug|x86
		{F1F45052-0A00-47A3-939A-6CF432AD543A}.Release|Any CPU.ActiveCfg = Release|x86
		{F1F45052-0A00-47A3-939A-6CF432AD543A}.Release|Any CPU.Build.0 = Release|x86
		{F1F45052-0A00-47A3-939A-6CF432AD543A}.Release|x86.ActiveCfg = Release|x86
		{F1F45052-0A00-47A3-939A-6CF432AD543A}.Release|x86.Build.0 = Release|x86
		{451E9B1A-794F-4FE6-A8C0-C818970AD86C}.Debug|Any CPU.ActiveCfg = Debug|Any CPU
		{451E9B1A-794F-4FE6-A8C0-C818970AD86C}.Debug|Any CPU.Build.0 = Debug|Any CPU
		{451E9B1A-794F-4FE6-A8C0-C818970AD86C}.Debug|x86.ActiveCfg = Debug|Any CPU
		{451E9B1A-794F-4FE6-A8C0-C818970AD86C}.Debug|x86.Build.0 = Debug|Any CPU
		{451E9B1A-794F-4FE6-A8C0-C818970AD86C}.Release|Any CPU.ActiveCfg = Release|Any CPU
		{451E9B1A-794F-4FE6-A8C0-C818970AD86C}.Release|Any CPU.Build.0 = Release|Any CPU
		{451E9B1A-794F-4FE6-A8C0-C818970AD86C}.Release|x86.ActiveCfg = Release|Any CPU
		{451E9B1A-794F-4FE6-A8C0-C818970AD86C}.Release|x86.Build.0 = Release|Any CPU
		{B21A2B8A-65D0-4765-8485-6010E4E1B3D2}.Debug|Any CPU.ActiveCfg = Debug|Any CPU
		{B21A2B8A-65D0-4765-8485-6010E4E1B3D2}.Debug|Any CPU.Build.0 = Debug|Any CPU
		{B21A2B8A-65D0-4765-8485-6010E4E1B3D2}.Debug|x86.ActiveCfg = Debug|Any CPU
		{B21A2B8A-65D0-4765-8485-6010E4E1B3D2}.Debug|x86.Build.0 = Debug|Any CPU
		{B21A2B8A-65D0-4765-8485-6010E4E1B3D2}.Release|Any CPU.ActiveCfg = Release|Any CPU
		{B21A2B8A-65D0-4765-8485-6010E4E1B3D2}.Release|Any CPU.Build.0 = Release|Any CPU
		{B21A2B8A-65D0-4765-8485-6010E4E1B3D2}.Release|x86.ActiveCfg = Release|Any CPU
		{B21A2B8A-65D0-4765-8485-6010E4E1B3D2}.Release|x86.Build.0 = Release|Any CPU
		{CE617313-7EAD-4CE3-9367-850AEB79E05E}.Debug|Any CPU.ActiveCfg = Debug|Any CPU
		{CE617313-7EAD-4CE3-9367-850AEB79E05E}.Debug|Any CPU.Build.0 = Debug|Any CPU
		{CE617313-7EAD-4CE3-9367-850AEB79E05E}.Debug|x86.ActiveCfg = Debug|Any CPU
		{CE617313-7EAD-4CE3-9367-850AEB79E05E}.Debug|x86.Build.0 = Debug|Any CPU
		{CE617313-7EAD-4CE3-9367-850AEB79E05E}.Release|Any CPU.ActiveCfg = Release|Any CPU
		{CE617313-7EAD-4CE3-9367-850AEB79E05E}.Release|Any CPU.Build.0 = Release|Any CPU
		{CE617313-7EAD-4CE3-9367-850AEB79E05E}.Release|x86.ActiveCfg = Release|Any CPU
		{CE617313-7EAD-4CE3-9367-850AEB79E05E}.Release|x86.Build.0 = Release|Any CPU
		{5983F1E5-E281-4AD2-A31D-F9C0B5FDEE50}.Debug|Any CPU.ActiveCfg = Debug|Any CPU
		{5983F1E5-E281-4AD2-A31D-F9C0B5FDEE50}.Debug|Any CPU.Build.0 = Debug|Any CPU
		{5983F1E5-E281-4AD2-A31D-F9C0B5FDEE50}.Debug|x86.ActiveCfg = Debug|Any CPU
		{5983F1E5-E281-4AD2-A31D-F9C0B5FDEE50}.Debug|x86.Build.0 = Debug|Any CPU
		{5983F1E5-E281-4AD2-A31D-F9C0B5FDEE50}.Release|Any CPU.ActiveCfg = Release|Any CPU
		{5983F1E5-E281-4AD2-A31D-F9C0B5FDEE50}.Release|Any CPU.Build.0 = Release|Any CPU
		{5983F1E5-E281-4AD2-A31D-F9C0B5FDEE50}.Release|x86.ActiveCfg = Release|Any CPU
		{5983F1E5-E281-4AD2-A31D-F9C0B5FDEE50}.Release|x86.Build.0 = Release|Any CPU
		{8872083C-6A42-4DD8-9CE1-B57542B6E202}.Debug|Any CPU.ActiveCfg = Debug|Any CPU
		{8872083C-6A42-4DD8-9CE1-B57542B6E202}.Debug|Any CPU.Build.0 = Debug|Any CPU
		{8872083C-6A42-4DD8-9CE1-B57542B6E202}.Debug|x86.ActiveCfg = Debug|Any CPU
		{8872083C-6A42-4DD8-9CE1-B57542B6E202}.Debug|x86.Build.0 = Debug|Any CPU
		{8872083C-6A42-4DD8-9CE1-B57542B6E202}.Release|Any CPU.ActiveCfg = Release|Any CPU
		{8872083C-6A42-4DD8-9CE1-B57542B6E202}.Release|Any CPU.Build.0 = Release|Any CPU
		{8872083C-6A42-4DD8-9CE1-B57542B6E202}.Release|x86.ActiveCfg = Release|Any CPU
		{8872083C-6A42-4DD8-9CE1-B57542B6E202}.Release|x86.Build.0 = Release|Any CPU
		{1B5F9C6C-9153-4199-B25E-BFAF9AF005BC}.Debug|Any CPU.ActiveCfg = Debug|Any CPU
		{1B5F9C6C-9153-4199-B25E-BFAF9AF005BC}.Debug|Any CPU.Build.0 = Debug|Any CPU
		{1B5F9C6C-9153-4199-B25E-BFAF9AF005BC}.Debug|x86.ActiveCfg = Debug|Any CPU
		{1B5F9C6C-9153-4199-B25E-BFAF9AF005BC}.Debug|x86.Build.0 = Debug|Any CPU
		{1B5F9C6C-9153-4199-B25E-BFAF9AF005BC}.Release|Any CPU.ActiveCfg = Release|Any CPU
		{1B5F9C6C-9153-4199-B25E-BFAF9AF005BC}.Release|Any CPU.Build.0 = Release|Any CPU
		{1B5F9C6C-9153-4199-B25E-BFAF9AF005BC}.Release|x86.ActiveCfg = Release|Any CPU
		{1B5F9C6C-9153-4199-B25E-BFAF9AF005BC}.Release|x86.Build.0 = Release|Any CPU
		{E37F50BF-4EB2-46F2-965D-70708592941E}.Debug|Any CPU.ActiveCfg = Debug|Any CPU
		{E37F50BF-4EB2-46F2-965D-70708592941E}.Debug|Any CPU.Build.0 = Debug|Any CPU
		{E37F50BF-4EB2-46F2-965D-70708592941E}.Debug|x86.ActiveCfg = Debug|Any CPU
		{E37F50BF-4EB2-46F2-965D-70708592941E}.Debug|x86.Build.0 = Debug|Any CPU
		{E37F50BF-4EB2-46F2-965D-70708592941E}.Release|Any CPU.ActiveCfg = Release|Any CPU
		{E37F50BF-4EB2-46F2-965D-70708592941E}.Release|Any CPU.Build.0 = Release|Any CPU
		{E37F50BF-4EB2-46F2-965D-70708592941E}.Release|x86.ActiveCfg = Release|Any CPU
		{E37F50BF-4EB2-46F2-965D-70708592941E}.Release|x86.Build.0 = Release|Any CPU
		{08A7CBE9-5235-47D9-91E3-DD6D385A59CD}.Debug|Any CPU.ActiveCfg = Debug|Any CPU
		{08A7CBE9-5235-47D9-91E3-DD6D385A59CD}.Debug|Any CPU.Build.0 = Debug|Any CPU
		{08A7CBE9-5235-47D9-91E3-DD6D385A59CD}.Debug|x86.ActiveCfg = Debug|Any CPU
		{08A7CBE9-5235-47D9-91E3-DD6D385A59CD}.Debug|x86.Build.0 = Debug|Any CPU
		{08A7CBE9-5235-47D9-91E3-DD6D385A59CD}.Release|Any CPU.ActiveCfg = Release|Any CPU
		{08A7CBE9-5235-47D9-91E3-DD6D385A59CD}.Release|Any CPU.Build.0 = Release|Any CPU
		{08A7CBE9-5235-47D9-91E3-DD6D385A59CD}.Release|x86.ActiveCfg = Release|Any CPU
		{08A7CBE9-5235-47D9-91E3-DD6D385A59CD}.Release|x86.Build.0 = Release|Any CPU
		{6A06713E-A020-43FD-B2AF-D16F9600BFB0}.Debug|Any CPU.ActiveCfg = Debug|Any CPU
		{6A06713E-A020-43FD-B2AF-D16F9600BFB0}.Debug|Any CPU.Build.0 = Debug|Any CPU
		{6A06713E-A020-43FD-B2AF-D16F9600BFB0}.Debug|x86.ActiveCfg = Debug|Any CPU
		{6A06713E-A020-43FD-B2AF-D16F9600BFB0}.Debug|x86.Build.0 = Debug|Any CPU
		{6A06713E-A020-43FD-B2AF-D16F9600BFB0}.Release|Any CPU.ActiveCfg = Release|Any CPU
		{6A06713E-A020-43FD-B2AF-D16F9600BFB0}.Release|Any CPU.Build.0 = Release|Any CPU
		{6A06713E-A020-43FD-B2AF-D16F9600BFB0}.Release|x86.ActiveCfg = Release|Any CPU
		{6A06713E-A020-43FD-B2AF-D16F9600BFB0}.Release|x86.Build.0 = Release|Any CPU
	EndGlobalSection
	GlobalSection(SolutionProperties) = preSolution
		HideSolutionNode = FALSE
	EndGlobalSection
	GlobalSection(NestedProjects) = preSolution
		{8872083C-6A42-4DD8-9CE1-B57542B6E202} = {EF48271A-2A46-4572-9302-A138CE5E344F}
		{1B5F9C6C-9153-4199-B25E-BFAF9AF005BC} = {EF48271A-2A46-4572-9302-A138CE5E344F}
		{E37F50BF-4EB2-46F2-965D-70708592941E} = {6CFAA9D7-BDEC-4442-9E38-38D299C86652}
	EndGlobalSection
	GlobalSection(ExtensibilityGlobals) = postSolution
		SolutionGuid = {5B1BCE93-1EB1-4F6D-BCC9-3E1AE4FC85FA}
	EndGlobalSection
EndGlobal
